// !$*UTF8*$!
{
	archiveVersion = 1;
	classes = {
	};
	objectVersion = 56;
	objects = {

/* Begin PBXBuildFile section */
		33AAAE4F2ABC17F400F6E9C2 /* AppDelegate.swift in Sources */ = {isa = PBXBuildFile; fileRef = 33AAAE4E2ABC17F400F6E9C2 /* AppDelegate.swift */; };
		33AAAE512ABC17F400F6E9C2 /* SceneDelegate.swift in Sources */ = {isa = PBXBuildFile; fileRef = 33AAAE502ABC17F400F6E9C2 /* SceneDelegate.swift */; };
		33AAAE532ABC17F400F6E9C2 /* ViewController.swift in Sources */ = {isa = PBXBuildFile; fileRef = 33AAAE522ABC17F400F6E9C2 /* ViewController.swift */; };
		33AAAE562ABC17F400F6E9C2 /* Main.storyboard in Resources */ = {isa = PBXBuildFile; fileRef = 33AAAE542ABC17F400F6E9C2 /* Main.storyboard */; };
		33AAAE582ABC17F400F6E9C2 /* Assets.xcassets in Resources */ = {isa = PBXBuildFile; fileRef = 33AAAE572ABC17F400F6E9C2 /* Assets.xcassets */; };
		33AAAE5B2ABC17F400F6E9C2 /* LaunchScreen.storyboard in Resources */ = {isa = PBXBuildFile; fileRef = 33AAAE592ABC17F400F6E9C2 /* LaunchScreen.storyboard */; };
		33B53D812ABC2A24004FD425 /* Alamofire in Frameworks */ = {isa = PBXBuildFile; productRef = 33B53D802ABC2A24004FD425 /* Alamofire */; };
		33B53D832ABC2ACF004FD425 /* Timer.swift in Sources */ = {isa = PBXBuildFile; fileRef = 33B53D822ABC2ACF004FD425 /* Timer.swift */; };
		33B53D852ABC31A8004FD425 /* Models.swift in Sources */ = {isa = PBXBuildFile; fileRef = 33B53D842ABC31A8004FD425 /* Models.swift */; };
/* End PBXBuildFile section */

/* Begin PBXFileReference section */
		33AAAE4B2ABC17F400F6E9C2 /* SchedulleriOS.app */ = {isa = PBXFileReference; explicitFileType = wrapper.application; includeInIndex = 0; path = SchedulleriOS.app; sourceTree = BUILT_PRODUCTS_DIR; };
		33AAAE4E2ABC17F400F6E9C2 /* AppDelegate.swift */ = {isa = PBXFileReference; lastKnownFileType = sourcecode.swift; path = AppDelegate.swift; sourceTree = "<group>"; };
		33AAAE502ABC17F400F6E9C2 /* SceneDelegate.swift */ = {isa = PBXFileReference; lastKnownFileType = sourcecode.swift; path = SceneDelegate.swift; sourceTree = "<group>"; };
		33AAAE522ABC17F400F6E9C2 /* ViewController.swift */ = {isa = PBXFileReference; lastKnownFileType = sourcecode.swift; path = ViewController.swift; sourceTree = "<group>"; };
		33AAAE552ABC17F400F6E9C2 /* Base */ = {isa = PBXFileReference; lastKnownFileType = file.storyboard; name = Base; path = Base.lproj/Main.storyboard; sourceTree = "<group>"; };
		33AAAE572ABC17F400F6E9C2 /* Assets.xcassets */ = {isa = PBXFileReference; lastKnownFileType = folder.assetcatalog; path = Assets.xcassets; sourceTree = "<group>"; };
		33AAAE5A2ABC17F400F6E9C2 /* Base */ = {isa = PBXFileReference; lastKnownFileType = file.storyboard; name = Base; path = Base.lproj/LaunchScreen.storyboard; sourceTree = "<group>"; };
		33AAAE5C2ABC17F400F6E9C2 /* Info.plist */ = {isa = PBXFileReference; lastKnownFileType = text.plist.xml; path = Info.plist; sourceTree = "<group>"; };
		33B53D822ABC2ACF004FD425 /* Timer.swift */ = {isa = PBXFileReference; lastKnownFileType = sourcecode.swift; path = Timer.swift; sourceTree = "<group>"; };
		33B53D842ABC31A8004FD425 /* Models.swift */ = {isa = PBXFileReference; lastKnownFileType = sourcecode.swift; path = Models.swift; sourceTree = "<group>"; };
/* End PBXFileReference section */

/* Begin PBXFrameworksBuildPhase section */
		33AAAE482ABC17F400F6E9C2 /* Frameworks */ = {
			isa = PBXFrameworksBuildPhase;
			buildActionMask = 2147483647;
			files = (
				33B53D812ABC2A24004FD425 /* Alamofire in Frameworks */,
			);
			runOnlyForDeploymentPostprocessing = 0;
		};
/* End PBXFrameworksBuildPhase section */

/* Begin PBXGroup section */
		33AAAE422ABC17F400F6E9C2 = {
			isa = PBXGroup;
			children = (
				33AAAE4D2ABC17F400F6E9C2 /* SchedulleriOS */,
				33AAAE4C2ABC17F400F6E9C2 /* Products */,
			);
			sourceTree = "<group>";
		};
		33AAAE4C2ABC17F400F6E9C2 /* Products */ = {
			isa = PBXGroup;
			children = (
				33AAAE4B2ABC17F400F6E9C2 /* SchedulleriOS.app */,
			);
			name = Products;
			sourceTree = "<group>";
		};
		33AAAE4D2ABC17F400F6E9C2 /* SchedulleriOS */ = {
			isa = PBXGroup;
			children = (
				33AAAE4E2ABC17F400F6E9C2 /* AppDelegate.swift */,
				33AAAE502ABC17F400F6E9C2 /* SceneDelegate.swift */,
				33AAAE522ABC17F400F6E9C2 /* ViewController.swift */,
				33AAAE542ABC17F400F6E9C2 /* Main.storyboard */,
				33AAAE572ABC17F400F6E9C2 /* Assets.xcassets */,
				33AAAE592ABC17F400F6E9C2 /* LaunchScreen.storyboard */,
				33AAAE5C2ABC17F400F6E9C2 /* Info.plist */,
				33B53D822ABC2ACF004FD425 /* Timer.swift */,
				33B53D842ABC31A8004FD425 /* Models.swift */,
			);
			path = SchedulleriOS;
			sourceTree = "<group>";
		};
/* End PBXGroup section */

/* Begin PBXNativeTarget section */
		33AAAE4A2ABC17F400F6E9C2 /* SchedulleriOS */ = {
			isa = PBXNativeTarget;
			buildConfigurationList = 33AAAE5F2ABC17F400F6E9C2 /* Build configuration list for PBXNativeTarget "SchedulleriOS" */;
			buildPhases = (
				33AAAE472ABC17F400F6E9C2 /* Sources */,
				33AAAE482ABC17F400F6E9C2 /* Frameworks */,
				33AAAE492ABC17F400F6E9C2 /* Resources */,
			);
			buildRules = (
			);
			dependencies = (
			);
			name = SchedulleriOS;
			packageProductDependencies = (
				33B53D802ABC2A24004FD425 /* Alamofire */,
			);
			productName = SchedulleriOS;
			productReference = 33AAAE4B2ABC17F400F6E9C2 /* SchedulleriOS.app */;
			productType = "com.apple.product-type.application";
		};
/* End PBXNativeTarget section */

/* Begin PBXProject section */
		33AAAE432ABC17F400F6E9C2 /* Project object */ = {
			isa = PBXProject;
			attributes = {
				BuildIndependentTargetsInParallel = 1;
				LastSwiftUpdateCheck = 1420;
				LastUpgradeCheck = 1420;
				TargetAttributes = {
					33AAAE4A2ABC17F400F6E9C2 = {
						CreatedOnToolsVersion = 14.2;
					};
				};
			};
			buildConfigurationList = 33AAAE462ABC17F400F6E9C2 /* Build configuration list for PBXProject "SchedulleriOS" */;
			compatibilityVersion = "Xcode 14.0";
			developmentRegion = en;
			hasScannedForEncodings = 0;
			knownRegions = (
				en,
				Base,
			);
			mainGroup = 33AAAE422ABC17F400F6E9C2;
			packageReferences = (
				33B53D7F2ABC2A24004FD425 /* XCRemoteSwiftPackageReference "Alamofire" */,
			);
			productRefGroup = 33AAAE4C2ABC17F400F6E9C2 /* Products */;
			projectDirPath = "";
			projectRoot = "";
			targets = (
				33AAAE4A2ABC17F400F6E9C2 /* SchedulleriOS */,
			);
		};
/* End PBXProject section */

/* Begin PBXResourcesBuildPhase section */
		33AAAE492ABC17F400F6E9C2 /* Resources */ = {
			isa = PBXResourcesBuildPhase;
			buildActionMask = 2147483647;
			files = (
				33AAAE5B2ABC17F400F6E9C2 /* LaunchScreen.storyboard in Resources */,
				33AAAE582ABC17F400F6E9C2 /* Assets.xcassets in Resources */,
				33AAAE562ABC17F400F6E9C2 /* Main.storyboard in Resources */,
			);
			runOnlyForDeploymentPostprocessing = 0;
		};
/* End PBXResourcesBuildPhase section */

/* Begin PBXSourcesBuildPhase section */
		33AAAE472ABC17F400F6E9C2 /* Sources */ = {
			isa = PBXSourcesBuildPhase;
			buildActionMask = 2147483647;
			files = (
				33AAAE532ABC17F400F6E9C2 /* ViewController.swift in Sources */,
				33AAAE4F2ABC17F400F6E9C2 /* AppDelegate.swift in Sources */,
				33AAAE512ABC17F400F6E9C2 /* SceneDelegate.swift in Sources */,
				33B53D832ABC2ACF004FD425 /* Timer.swift in Sources */,
				33B53D852ABC31A8004FD425 /* Models.swift in Sources */,
			);
			runOnlyForDeploymentPostprocessing = 0;
		};
/* End PBXSourcesBuildPhase section */

/* Begin PBXVariantGroup section */
		33AAAE542ABC17F400F6E9C2 /* Main.storyboard */ = {
			isa = PBXVariantGroup;
			children = (
				33AAAE552ABC17F400F6E9C2 /* Base */,
			);
			name = Main.storyboard;
			sourceTree = "<group>";
		};
		33AAAE592ABC17F400F6E9C2 /* LaunchScreen.storyboard */ = {
			isa = PBXVariantGroup;
			children = (
				33AAAE5A2ABC17F400F6E9C2 /* Base */,
			);
			name = LaunchScreen.storyboard;
			sourceTree = "<group>";
		};
/* End PBXVariantGroup section */

/* Begin XCBuildConfiguration section */
		33AAAE5D2ABC17F400F6E9C2 /* Debug */ = {
			isa = XCBuildConfiguration;
			buildSettings = {
				ALWAYS_SEARCH_USER_PATHS = NO;
				CLANG_ANALYZER_NONNULL = YES;
				CLANG_ANALYZER_NUMBER_OBJECT_CONVERSION = YES_AGGRESSIVE;
				CLANG_CXX_LANGUAGE_STANDARD = "gnu++20";
				CLANG_ENABLE_MODULES = YES;
				CLANG_ENABLE_OBJC_ARC = YES;
				CLANG_ENABLE_OBJC_WEAK = YES;
				CLANG_WARN_BLOCK_CAPTURE_AUTORELEASING = YES;
				CLANG_WARN_BOOL_CONVERSION = YES;
				CLANG_WARN_COMMA = YES;
				CLANG_WARN_CONSTANT_CONVERSION = YES;
				CLANG_WARN_DEPRECATED_OBJC_IMPLEMENTATIONS = YES;
				CLANG_WARN_DIRECT_OBJC_ISA_USAGE = YES_ERROR;
				CLANG_WARN_DOCUMENTATION_COMMENTS = YES;
				CLANG_WARN_EMPTY_BODY = YES;
				CLANG_WARN_ENUM_CONVERSION = YES;
				CLANG_WARN_INFINITE_RECURSION = YES;
				CLANG_WARN_INT_CONVERSION = YES;
				CLANG_WARN_NON_LITERAL_NULL_CONVERSION = YES;
				CLANG_WARN_OBJC_IMPLICIT_RETAIN_SELF = YES;
				CLANG_WARN_OBJC_LITERAL_CONVERSION = YES;
				CLANG_WARN_OBJC_ROOT_CLASS = YES_ERROR;
				CLANG_WARN_QUOTED_INCLUDE_IN_FRAMEWORK_HEADER = YES;
				CLANG_WARN_RANGE_LOOP_ANALYSIS = YES;
				CLANG_WARN_STRICT_PROTOTYPES = YES;
				CLANG_WARN_SUSPICIOUS_MOVE = YES;
				CLANG_WARN_UNGUARDED_AVAILABILITY = YES_AGGRESSIVE;
				CLANG_WARN_UNREACHABLE_CODE = YES;
				CLANG_WARN__DUPLICATE_METHOD_MATCH = YES;
				COPY_PHASE_STRIP = NO;
				DEBUG_INFORMATION_FORMAT = dwarf;
				ENABLE_STRICT_OBJC_MSGSEND = YES;
				ENABLE_TESTABILITY = YES;
				GCC_C_LANGUAGE_STANDARD = gnu11;
				GCC_DYNAMIC_NO_PIC = NO;
				GCC_NO_COMMON_BLOCKS = YES;
				GCC_OPTIMIZATION_LEVEL = 0;
				GCC_PREPROCESSOR_DEFINITIONS = (
					"DEBUG=1",
					"$(inherited)",
				);
				GCC_WARN_64_TO_32_BIT_CONVERSION = YES;
				GCC_WARN_ABOUT_RETURN_TYPE = YES_ERROR;
				GCC_WARN_UNDECLARED_SELECTOR = YES;
				GCC_WARN_UNINITIALIZED_AUTOS = YES_AGGRESSIVE;
				GCC_WARN_UNUSED_FUNCTION = YES;
				GCC_WARN_UNUSED_VARIABLE = YES;
				IPHONEOS_DEPLOYMENT_TARGET = 16.2;
				MTL_ENABLE_DEBUG_INFO = INCLUDE_SOURCE;
				MTL_FAST_MATH = YES;
				ONLY_ACTIVE_ARCH = YES;
				SDKROOT = iphoneos;
				SWIFT_ACTIVE_COMPILATION_CONDITIONS = DEBUG;
				SWIFT_OPTIMIZATION_LEVEL = "-Onone";
			};
			name = Debug;
		};
		33AAAE5E2ABC17F400F6E9C2 /* Release */ = {
			isa = XCBuildConfiguration;
			buildSettings = {
				ALWAYS_SEARCH_USER_PATHS = NO;
				CLANG_ANALYZER_NONNULL = YES;
				CLANG_ANALYZER_NUMBER_OBJECT_CONVERSION = YES_AGGRESSIVE;
				CLANG_CXX_LANGUAGE_STANDARD = "gnu++20";
				CLANG_ENABLE_MODULES = YES;
				CLANG_ENABLE_OBJC_ARC = YES;
				CLANG_ENABLE_OBJC_WEAK = YES;
				CLANG_WARN_BLOCK_CAPTURE_AUTORELEASING = YES;
				CLANG_WARN_BOOL_CONVERSION = YES;
				CLANG_WARN_COMMA = YES;
				CLANG_WARN_CONSTANT_CONVERSION = YES;
				CLANG_WARN_DEPRECATED_OBJC_IMPLEMENTATIONS = YES;
				CLANG_WARN_DIRECT_OBJC_ISA_USAGE = YES_ERROR;
				CLANG_WARN_DOCUMENTATION_COMMENTS = YES;
				CLANG_WARN_EMPTY_BODY = YES;
				CLANG_WARN_ENUM_CONVERSION = YES;
				CLANG_WARN_INFINITE_RECURSION = YES;
				CLANG_WARN_INT_CONVERSION = YES;
				CLANG_WARN_NON_LITERAL_NULL_CONVERSION = YES;
				CLANG_WARN_OBJC_IMPLICIT_RETAIN_SELF = YES;
				CLANG_WARN_OBJC_LITERAL_CONVERSION = YES;
				CLANG_WARN_OBJC_ROOT_CLASS = YES_ERROR;
				CLANG_WARN_QUOTED_INCLUDE_IN_FRAMEWORK_HEADER = YES;
				CLANG_WARN_RANGE_LOOP_ANALYSIS = YES;
				CLANG_WARN_STRICT_PROTOTYPES = YES;
				CLANG_WARN_SUSPICIOUS_MOVE = YES;
				CLANG_WARN_UNGUARDED_AVAILABILITY = YES_AGGRESSIVE;
				CLANG_WARN_UNREACHABLE_CODE = YES;
				CLANG_WARN__DUPLICATE_METHOD_MATCH = YES;
				COPY_PHASE_STRIP = NO;
				DEBUG_INFORMATION_FORMAT = "dwarf-with-dsym";
				ENABLE_NS_ASSERTIONS = NO;
				ENABLE_STRICT_OBJC_MSGSEND = YES;
				GCC_C_LANGUAGE_STANDARD = gnu11;
				GCC_NO_COMMON_BLOCKS = YES;
				GCC_WARN_64_TO_32_BIT_CONVERSION = YES;
				GCC_WARN_ABOUT_RETURN_TYPE = YES_ERROR;
				GCC_WARN_UNDECLARED_SELECTOR = YES;
				GCC_WARN_UNINITIALIZED_AUTOS = YES_AGGRESSIVE;
				GCC_WARN_UNUSED_FUNCTION = YES;
				GCC_WARN_UNUSED_VARIABLE = YES;
				IPHONEOS_DEPLOYMENT_TARGET = 16.2;
				MTL_ENABLE_DEBUG_INFO = NO;
				MTL_FAST_MATH = YES;
				SDKROOT = iphoneos;
				SWIFT_COMPILATION_MODE = wholemodule;
				SWIFT_OPTIMIZATION_LEVEL = "-O";
				VALIDATE_PRODUCT = YES;
			};
			name = Release;
		};
		33AAAE602ABC17F400F6E9C2 /* Debug */ = {
			isa = XCBuildConfiguration;
			buildSettings = {
				ASSETCATALOG_COMPILER_APPICON_NAME = AppIcon;
				ASSETCATALOG_COMPILER_GLOBAL_ACCENT_COLOR_NAME = AccentColor;
				CODE_SIGN_STYLE = Automatic;
				CURRENT_PROJECT_VERSION = 1;
				DEVELOPMENT_TEAM = A43UR5QWT9;
				GENERATE_INFOPLIST_FILE = YES;
				INFOPLIST_FILE = SchedulleriOS/Info.plist;
				INFOPLIST_KEY_UIApplicationSupportsIndirectInputEvents = YES;
				INFOPLIST_KEY_UILaunchStoryboardName = LaunchScreen;
				INFOPLIST_KEY_UIMainStoryboardFile = Main;
				INFOPLIST_KEY_UISupportedInterfaceOrientations_iPad = "UIInterfaceOrientationPortrait UIInterfaceOrientationPortraitUpsideDown UIInterfaceOrientationLandscapeLeft UIInterfaceOrientationLandscapeRight";
				INFOPLIST_KEY_UISupportedInterfaceOrientations_iPhone = "UIInterfaceOrientationPortrait UIInterfaceOrientationLandscapeLeft UIInterfaceOrientationLandscapeRight";
				LD_RUNPATH_SEARCH_PATHS = (
					"$(inherited)",
					"@executable_path/Frameworks",
				);
				MARKETING_VERSION = 1.0;
				PRODUCT_BUNDLE_IDENTIFIER = com.phincon.SchedulleriOS;
				PRODUCT_NAME = "$(TARGET_NAME)";
				SWIFT_EMIT_LOC_STRINGS = YES;
				SWIFT_VERSION = 5.0;
				TARGETED_DEVICE_FAMILY = "1,2";
			};
			name = Debug;
		};
		33AAAE612ABC17F400F6E9C2 /* Release */ = {
			isa = XCBuildConfiguration;
			buildSettings = {
				ASSETCATALOG_COMPILER_APPICON_NAME = AppIcon;
				ASSETCATALOG_COMPILER_GLOBAL_ACCENT_COLOR_NAME = AccentColor;
				CODE_SIGN_STYLE = Automatic;
				CURRENT_PROJECT_VERSION = 1;
				DEVELOPMENT_TEAM = A43UR5QWT9;
				GENERATE_INFOPLIST_FILE = YES;
				INFOPLIST_FILE = SchedulleriOS/Info.plist;
				INFOPLIST_KEY_UIApplicationSupportsIndirectInputEvents = YES;
				INFOPLIST_KEY_UILaunchStoryboardName = LaunchScreen;
				INFOPLIST_KEY_UIMainStoryboardFile = Main;
				INFOPLIST_KEY_UISupportedInterfaceOrientations_iPad = "UIInterfaceOrientationPortrait UIInterfaceOrientationPortraitUpsideDown UIInterfaceOrientationLandscapeLeft UIInterfaceOrientationLandscapeRight";
				INFOPLIST_KEY_UISupportedInterfaceOrientations_iPhone = "UIInterfaceOrientationPortrait UIInterfaceOrientationLandscapeLeft UIInterfaceOrientationLandscapeRight";
				LD_RUNPATH_SEARCH_PATHS = (
					"$(inherited)",
					"@executable_path/Frameworks",
				);
				MARKETING_VERSION = 1.0;
				PRODUCT_BUNDLE_IDENTIFIER = com.phincon.SchedulleriOS;
				PRODUCT_NAME = "$(TARGET_NAME)";
				SWIFT_EMIT_LOC_STRINGS = YES;
				SWIFT_VERSION = 5.0;
				TARGETED_DEVICE_FAMILY = "1,2";
			};
			name = Release;
		};
/* End XCBuildConfiguration section */

/* Begin XCConfigurationList section */
		33AAAE462ABC17F400F6E9C2 /* Build configuration list for PBXProject "SchedulleriOS" */ = {
			isa = XCConfigurationList;
			buildConfigurations = (
				33AAAE5D2ABC17F400F6E9C2 /* Debug */,
				33AAAE5E2ABC17F400F6E9C2 /* Release */,
			);
			defaultConfigurationIsVisible = 0;
			defaultConfigurationName = Release;
		};
		33AAAE5F2ABC17F400F6E9C2 /* Build configuration list for PBXNativeTarget "SchedulleriOS" */ = {
			isa = XCConfigurationList;
			buildConfigurations = (
				33AAAE602ABC17F400F6E9C2 /* Debug */,
				33AAAE612ABC17F400F6E9C2 /* Release */,
			);
			defaultConfigurationIsVisible = 0;
			defaultConfigurationName = Release;
		};
/* End XCConfigurationList section */

/* Begin XCRemoteSwiftPackageReference section */
		33B53D7F2ABC2A24004FD425 /* XCRemoteSwiftPackageReference "Alamofire" */ = {
			isa = XCRemoteSwiftPackageReference;
			repositoryURL = "https://github.com/Alamofire/Alamofire";
			requirement = {
				kind = upToNextMajorVersion;
				minimumVersion = 5.0.0;
			};
		};
/* End XCRemoteSwiftPackageReference section */

/* Begin XCSwiftPackageProductDependency section */
		33B53D802ABC2A24004FD425 /* Alamofire */ = {
			isa = XCSwiftPackageProductDependency;
			package = 33B53D7F2ABC2A24004FD425 /* XCRemoteSwiftPackageReference "Alamofire" */;
			productName = Alamofire;
		};
/* End XCSwiftPackageProductDependency section */
	};
	rootObject = 33AAAE432ABC17F400F6E9C2 /* Project object */;
}
